gom 'github.com/cheggaaa/pb', :commit => '8808370bf63524e115da1371ba42bce6739f3a6b'
gom 'github.com/davecgh/go-spew/spew', :commit => '5215b55f46b2b919f50a1df0eaa5886afe4e3b3d'
gom 'github.com/golang/protobuf/proto', :commit => 'dda510ac0fd43b39770f22ac6260eb91d377bce3'
gom 'github.com/golang/protobuf/protoc-gen-go', :commit => 'dda510ac0fd43b39770f22ac6260eb91d377bce3'
gom 'github.com/go-martini/martini', :commit => 'b174c4f35f9f3805e960be6286d888bc79534755'
gom 'github.com/martini-contrib/staticbin', :commit => 'b9631fb8c188bec7aefed202f05fb3b76abadced'
gom 'github.com/op/go-logging', :commit => '970db520ece77730c7e4724c61121037378659d9'
gom 'github.com/orofarne/hmetrics2', :commit => '006bcad088fa29b689daa57700c58094d1031664'
gom 'github.com/orofarne/hmetrics2-graphite', :commit => '9888dcbe67c94e48fa715ff4d3e18ae5b7549abd'
gom 'github.com/stretchr/testify/assert', :commit => '0744955171b0b6e1871ff9d7366abc2b7a7fcec0'
gom 'github.com/stretchr/testify/require', :commit => '0744955171b0b6e1871ff9d7366abc2b7a7fcec0'
gom 'github.com/yosssi/rendergold', :commit => '5cd20c624fd531597e1a6566196d7dd6ff342ae2'
gom 'github.com/orofarne/strict-json', :commit => 'e220748385bad49f5bf127fa5521559723f48a4c'
gom 'github.com/orofarne/freetype-go/freetype', :commit => '066003d5bbffa8f5927858a65bec052b312a3792'
gom 'github.com/jteeuwen/go-bindata/go-bindata', :commit => 'a0ff2567cfb70903282db057e799fd826784d41d'
gom 'git.apache.org/thrift.git/lib/go/thrift', :commit => '3aa461b97b3230d357543808f1facf9898818f71'
gom 'gopkg.in/check.v1', :commit => '4f90aeace3a26ad7021961c297b22c42160c7b25'